
Microsoft Visual Studio Solution File, Format Version 12.00
# Visual Studio Version 17
VisualStudioVersion = 17.8.34511.84
MinimumVisualStudioVersion = 10.0.40219.1
Project("{2150E333-8FDC-42A3-9474-1A3956D46DE8}") = "Core", "Core", "{7C38337C-6E07-4174-AB04-71F92131FB1B}"
EndProject
Project("{FAE04EC0-301F-11D3-BF4B-00C04F79EFBC}") = "CarProject.Domain", "Core\CarProjectCore\CarProject.Domain.csproj", "{2CD8E0BB-9057-4026-AE5F-44706404CBAC}"
EndProject
Global
	GlobalSection(SolutionConfigurationPlatforms) = preSolution
		Debug|Any CPU = Debug|Any CPU
		Release|Any CPU = Release|Any CPU
	EndGlobalSection
	GlobalSection(ProjectConfigurationPlatforms) = postSolution
		{2CD8E0BB-9057-4026-AE5F-44706404CBAC}.Debug|Any CPU.ActiveCfg = Debug|Any CPU
		{2CD8E0BB-9057-4026-AE5F-44706404CBAC}.Debug|Any CPU.Build.0 = Debug|Any CPU
		{2CD8E0BB-9057-4026-AE5F-44706404CBAC}.Release|Any CPU.ActiveCfg = Release|Any CPU
		{2CD8E0BB-9057-4026-AE5F-44706404CBAC}.Release|Any CPU.Build.0 = Release|Any CPU
	EndGlobalSection
	GlobalSection(SolutionProperties) = preSolution
		HideSolutionNode = FALSE
	EndGlobalSection
	GlobalSection(NestedProjects) = preSolution
		{2CD8E0BB-9057-4026-AE5F-44706404CBAC} = {7C38337C-6E07-4174-AB04-71F92131FB1B}
	EndGlobalSection
	GlobalSection(ExtensibilityGlobals) = postSolution
		SolutionGuid = {40B5136B-F0ED-40AF-A500-8390FA6C24CB}
	EndGlobalSection
EndGlobal
